
Microsoft Visual Studio Solution File, Format Version 12.00
# Visual Studio Version 17
VisualStudioVersion = 17.3.32929.385
MinimumVisualStudioVersion = 10.0.40219.1
Project("{FAE04EC0-301F-11D3-BF4B-00C04F79EFBC}") = "MVCTemplate", "MVCTemplate\MVCTemplate.csproj", "{178A3867-6D42-46F1-A7E4-C6513FA92284}"
EndProject
Global
	GlobalSection(SolutionConfigurationPlatforms) = preSolution
		Debug|Any CPU = Debug|Any CPU
		Release|Any CPU = Release|Any CPU
	EndGlobalSection
	GlobalSection(ProjectConfigurationPlatforms) = postSolution
		{178A3867-6D42-46F1-A7E4-C6513FA92284}.Debug|Any CPU.ActiveCfg = Debug|Any CPU
		{178A3867-6D42-46F1-A7E4-C6513FA92284}.Debug|Any CPU.Build.0 = Debug|Any CPU
		{178A3867-6D42-46F1-A7E4-C6513FA92284}.Release|Any CPU.ActiveCfg = Release|Any CPU
		{178A3867-6D42-46F1-A7E4-C6513FA92284}.Release|Any CPU.Build.0 = Release|Any CPU
	EndGlobalSection
	GlobalSection(SolutionProperties) = preSolution
		HideSolutionNode = FALSE
	EndGlobalSection
	GlobalSection(ExtensibilityGlobals) = postSolution
		SolutionGuid = {642E7455-20DE-4D51-B300-C18993794F44}
	EndGlobalSection
EndGlobal
